// !$*UTF8*$!
{
	archiveVersion = 1;
	classes = {
	};
	objectVersion = 50;
	objects = {

/* Begin PBXBuildFile section */
		42709BD625955DC3000B876A /* AppDelegate.swift in Sources */ = {isa = PBXBuildFile; fileRef = 42709BD525955DC3000B876A /* AppDelegate.swift */; };
		42709BDA25955DC3000B876A /* ViewController.swift in Sources */ = {isa = PBXBuildFile; fileRef = 42709BD925955DC3000B876A /* ViewController.swift */; };
		42709BDF25955DC6000B876A /* Assets.xcassets in Resources */ = {isa = PBXBuildFile; fileRef = 42709BDE25955DC6000B876A /* Assets.xcassets */; };
		42709BE225955DC6000B876A /* LaunchScreen.storyboard in Resources */ = {isa = PBXBuildFile; fileRef = 42709BE025955DC6000B876A /* LaunchScreen.storyboard */; };
		42709BEC259665C2000B876A /* FloatingViewManager.swift in Sources */ = {isa = PBXBuildFile; fileRef = 42709BEB259665C2000B876A /* FloatingViewManager.swift */; };
		42901559259CEBCD00AEAE15 /* FloatingViewCustomizing.swift in Sources */ = {isa = PBXBuildFile; fileRef = 42901558259CEBCD00AEAE15 /* FloatingViewCustomizing.swift */; };
		4290155B259CEC8A00AEAE15 /* UINavigationController+FloatingViewManager.swift in Sources */ = {isa = PBXBuildFile; fileRef = 4290155A259CEC8A00AEAE15 /* UINavigationController+FloatingViewManager.swift */; };
/* End PBXBuildFile section */

/* Begin PBXFileReference section */
		42709BD225955DC2000B876A /* FloatingView.app */ = {isa = PBXFileReference; explicitFileType = wrapper.application; includeInIndex = 0; path = FloatingView.app; sourceTree = BUILT_PRODUCTS_DIR; };
		42709BD525955DC3000B876A /* AppDelegate.swift */ = {isa = PBXFileReference; lastKnownFileType = sourcecode.swift; path = AppDelegate.swift; sourceTree = "<group>"; };
		42709BD925955DC3000B876A /* ViewController.swift */ = {isa = PBXFileReference; lastKnownFileType = sourcecode.swift; path = ViewController.swift; sourceTree = "<group>"; };
		42709BDE25955DC6000B876A /* Assets.xcassets */ = {isa = PBXFileReference; lastKnownFileType = folder.assetcatalog; path = Assets.xcassets; sourceTree = "<group>"; };
		42709BE125955DC6000B876A /* Base */ = {isa = PBXFileReference; lastKnownFileType = file.storyboard; name = Base; path = Base.lproj/LaunchScreen.storyboard; sourceTree = "<group>"; };
		42709BE325955DC6000B876A /* Info.plist */ = {isa = PBXFileReference; lastKnownFileType = text.plist.xml; path = Info.plist; sourceTree = "<group>"; };
		42709BEB259665C2000B876A /* FloatingViewManager.swift */ = {isa = PBXFileReference; lastKnownFileType = sourcecode.swift; path = FloatingViewManager.swift; sourceTree = "<group>"; };
		42901558259CEBCD00AEAE15 /* FloatingViewCustomizing.swift */ = {isa = PBXFileReference; lastKnownFileType = sourcecode.swift; path = FloatingViewCustomizing.swift; sourceTree = "<group>"; };
		4290155A259CEC8A00AEAE15 /* UINavigationController+FloatingViewManager.swift */ = {isa = PBXFileReference; lastKnownFileType = sourcecode.swift; path = "UINavigationController+FloatingViewManager.swift"; sourceTree = "<group>"; };
/* End PBXFileReference section */

/* Begin PBXFrameworksBuildPhase section */
		42709BCF25955DC2000B876A /* Frameworks */ = {
			isa = PBXFrameworksBuildPhase;
			buildActionMask = 2147483647;
			files = (
			);
			runOnlyForDeploymentPostprocessing = 0;
		};
/* End PBXFrameworksBuildPhase section */

/* Begin PBXGroup section */
		42709BC925955DC2000B876A = {
			isa = PBXGroup;
			children = (
				42709BD425955DC2000B876A /* FloatingView */,
				42709BD325955DC2000B876A /* Products */,
			);
			sourceTree = "<group>";
		};
		42709BD325955DC2000B876A /* Products */ = {
			isa = PBXGroup;
			children = (
				42709BD225955DC2000B876A /* FloatingView.app */,
			);
			name = Products;
			sourceTree = "<group>";
		};
		42709BD425955DC2000B876A /* FloatingView */ = {
			isa = PBXGroup;
			children = (
				4290155D259D07AC00AEAE15 /* Example */,
				42709BEB259665C2000B876A /* FloatingViewManager.swift */,
				42901558259CEBCD00AEAE15 /* FloatingViewCustomizing.swift */,
				4290155A259CEC8A00AEAE15 /* UINavigationController+FloatingViewManager.swift */,
			);
			path = FloatingView;
			sourceTree = "<group>";
		};
		4290155D259D07AC00AEAE15 /* Example */ = {
			isa = PBXGroup;
			children = (
				42709BD525955DC3000B876A /* AppDelegate.swift */,
				42709BD925955DC3000B876A /* ViewController.swift */,
				42709BDE25955DC6000B876A /* Assets.xcassets */,
				42709BE025955DC6000B876A /* LaunchScreen.storyboard */,
				42709BE325955DC6000B876A /* Info.plist */,
			);
			path = Example;
			sourceTree = "<group>";
		};
/* End PBXGroup section */

/* Begin PBXNativeTarget section */
		42709BD125955DC2000B876A /* FloatingView */ = {
			isa = PBXNativeTarget;
			buildConfigurationList = 42709BE625955DC6000B876A /* Build configuration list for PBXNativeTarget "FloatingView" */;
			buildPhases = (
				42709BCE25955DC2000B876A /* Sources */,
				42709BCF25955DC2000B876A /* Frameworks */,
				42709BD025955DC2000B876A /* Resources */,
			);
			buildRules = (
			);
			dependencies = (
			);
			name = FloatingView;
			productName = FloatingView;
			productReference = 42709BD225955DC2000B876A /* FloatingView.app */;
			productType = "com.apple.product-type.application";
		};
/* End PBXNativeTarget section */

/* Begin PBXProject section */
		42709BCA25955DC2000B876A /* Project object */ = {
			isa = PBXProject;
			attributes = {
				LastSwiftUpdateCheck = 1160;
				LastUpgradeCheck = 1160;
				ORGANIZATIONNAME = "Jordan Coff";
				TargetAttributes = {
					42709BD125955DC2000B876A = {
						CreatedOnToolsVersion = 11.6;
					};
				};
			};
			buildConfigurationList = 42709BCD25955DC2000B876A /* Build configuration list for PBXProject "FloatingView" */;
			compatibilityVersion = "Xcode 9.3";
			developmentRegion = en;
			hasScannedForEncodings = 0;
			knownRegions = (
				en,
				Base,
			);
			mainGroup = 42709BC925955DC2000B876A;
			productRefGroup = 42709BD325955DC2000B876A /* Products */;
			projectDirPath = "";
			projectRoot = "";
			targets = (
				42709BD125955DC2000B876A /* FloatingView */,
			);
		};
/* End PBXProject section */

/* Begin PBXResourcesBuildPhase section */
		42709BD025955DC2000B876A /* Resources */ = {
			isa = PBXResourcesBuildPhase;
			buildActionMask = 2147483647;
			files = (
				42709BE225955DC6000B876A /* LaunchScreen.storyboard in Resources */,
				42709BDF25955DC6000B876A /* Assets.xcassets in Resources */,
			);
			runOnlyForDeploymentPostprocessing = 0;
		};
/* End PBXResourcesBuildPhase section */

/* Begin PBXSourcesBuildPhase section */
		42709BCE25955DC2000B876A /* Sources */ = {
			isa = PBXSourcesBuildPhase;
			buildActionMask = 2147483647;
			files = (
				42709BEC259665C2000B876A /* FloatingViewManager.swift in Sources */,
				42709BDA25955DC3000B876A /* ViewController.swift in Sources */,
				42709BD625955DC3000B876A /* AppDelegate.swift in Sources */,
				42901559259CEBCD00AEAE15 /* FloatingViewCustomizing.swift in Sources */,
				4290155B259CEC8A00AEAE15 /* UINavigationController+FloatingViewManager.swift in Sources */,
			);
			runOnlyForDeploymentPostprocessing = 0;
		};
/* End PBXSourcesBuildPhase section */

/* Begin PBXVariantGroup section */
		42709BE025955DC6000B876A /* LaunchScreen.storyboard */ = {
			isa = PBXVariantGroup;
			children = (
				42709BE125955DC6000B876A /* Base */,
			);
			name = LaunchScreen.storyboard;
			sourceTree = "<group>";
		};
/* End PBXVariantGroup section */

/* Begin XCBuildConfiguration section */
		42709BE425955DC6000B876A /* Debug */ = {
			isa = XCBuildConfiguration;
			buildSettings = {
				ALWAYS_SEARCH_USER_PATHS = NO;
				CLANG_ANALYZER_NONNULL = YES;
				CLANG_ANALYZER_NUMBER_OBJECT_CONVERSION = YES_AGGRESSIVE;
				CLANG_CXX_LANGUAGE_STANDARD = "gnu++14";
				CLANG_CXX_LIBRARY = "libc++";
				CLANG_ENABLE_MODULES = YES;
				CLANG_ENABLE_OBJC_ARC = YES;
				CLANG_ENABLE_OBJC_WEAK = YES;
				CLANG_WARN_BLOCK_CAPTURE_AUTORELEASING = YES;
				CLANG_WARN_BOOL_CONVERSION = YES;
				CLANG_WARN_COMMA = YES;
				CLANG_WARN_CONSTANT_CONVERSION = YES;
				CLANG_WARN_DEPRECATED_OBJC_IMPLEMENTATIONS = YES;
				CLANG_WARN_DIRECT_OBJC_ISA_USAGE = YES_ERROR;
				CLANG_WARN_DOCUMENTATION_COMMENTS = YES;
				CLANG_WARN_EMPTY_BODY = YES;
				CLANG_WARN_ENUM_CONVERSION = YES;
				CLANG_WARN_INFINITE_RECURSION = YES;
				CLANG_WARN_INT_CONVERSION = YES;
				CLANG_WARN_NON_LITERAL_NULL_CONVERSION = YES;
				CLANG_WARN_OBJC_IMPLICIT_RETAIN_SELF = YES;
				CLANG_WARN_OBJC_LITERAL_CONVERSION = YES;
				CLANG_WARN_OBJC_ROOT_CLASS = YES_ERROR;
				CLANG_WARN_RANGE_LOOP_ANALYSIS = YES;
				CLANG_WARN_STRICT_PROTOTYPES = YES;
				CLANG_WARN_SUSPICIOUS_MOVE = YES;
				CLANG_WARN_UNGUARDED_AVAILABILITY = YES_AGGRESSIVE;
				CLANG_WARN_UNREACHABLE_CODE = YES;
				CLANG_WARN__DUPLICATE_METHOD_MATCH = YES;
				COPY_PHASE_STRIP = NO;
				DEBUG_INFORMATION_FORMAT = dwarf;
				ENABLE_STRICT_OBJC_MSGSEND = YES;
				ENABLE_TESTABILITY = YES;
				GCC_C_LANGUAGE_STANDARD = gnu11;
				GCC_DYNAMIC_NO_PIC = NO;
				GCC_NO_COMMON_BLOCKS = YES;
				GCC_OPTIMIZATION_LEVEL = 0;
				GCC_PREPROCESSOR_DEFINITIONS = (
					"DEBUG=1",
					"$(inherited)",
				);
				GCC_WARN_64_TO_32_BIT_CONVERSION = YES;
				GCC_WARN_ABOUT_RETURN_TYPE = YES_ERROR;
				GCC_WARN_UNDECLARED_SELECTOR = YES;
				GCC_WARN_UNINITIALIZED_AUTOS = YES_AGGRESSIVE;
				GCC_WARN_UNUSED_FUNCTION = YES;
				GCC_WARN_UNUSED_VARIABLE = YES;
				IPHONEOS_DEPLOYMENT_TARGET = 13.6;
				MTL_ENABLE_DEBUG_INFO = INCLUDE_SOURCE;
				MTL_FAST_MATH = YES;
				ONLY_ACTIVE_ARCH = YES;
				SDKROOT = iphoneos;
				SWIFT_ACTIVE_COMPILATION_CONDITIONS = DEBUG;
				SWIFT_OPTIMIZATION_LEVEL = "-Onone";
			};
			name = Debug;
		};
		42709BE525955DC6000B876A /* Release */ = {
			isa = XCBuildConfiguration;
			buildSettings = {
				ALWAYS_SEARCH_USER_PATHS = NO;
				CLANG_ANALYZER_NONNULL = YES;
				CLANG_ANALYZER_NUMBER_OBJECT_CONVERSION = YES_AGGRESSIVE;
				CLANG_CXX_LANGUAGE_STANDARD = "gnu++14";
				CLANG_CXX_LIBRARY = "libc++";
				CLANG_ENABLE_MODULES = YES;
				CLANG_ENABLE_OBJC_ARC = YES;
				CLANG_ENABLE_OBJC_WEAK = YES;
				CLANG_WARN_BLOCK_CAPTURE_AUTORELEASING = YES;
				CLANG_WARN_BOOL_CONVERSION = YES;
				CLANG_WARN_COMMA = YES;
				CLANG_WARN_CONSTANT_CONVERSION = YES;
				CLANG_WARN_DEPRECATED_OBJC_IMPLEMENTATIONS = YES;
				CLANG_WARN_DIRECT_OBJC_ISA_USAGE = YES_ERROR;
				CLANG_WARN_DOCUMENTATION_COMMENTS = YES;
				CLANG_WARN_EMPTY_BODY = YES;
				CLANG_WARN_ENUM_CONVERSION = YES;
				CLANG_WARN_INFINITE_RECURSION = YES;
				CLANG_WARN_INT_CONVERSION = YES;
				CLANG_WARN_NON_LITERAL_NULL_CONVERSION = YES;
				CLANG_WARN_OBJC_IMPLICIT_RETAIN_SELF = YES;
				CLANG_WARN_OBJC_LITERAL_CONVERSION = YES;
				CLANG_WARN_OBJC_ROOT_CLASS = YES_ERROR;
				CLANG_WARN_RANGE_LOOP_ANALYSIS = YES;
				CLANG_WARN_STRICT_PROTOTYPES = YES;
				CLANG_WARN_SUSPICIOUS_MOVE = YES;
				CLANG_WARN_UNGUARDED_AVAILABILITY = YES_AGGRESSIVE;
				CLANG_WARN_UNREACHABLE_CODE = YES;
				CLANG_WARN__DUPLICATE_METHOD_MATCH = YES;
				COPY_PHASE_STRIP = NO;
				DEBUG_INFORMATION_FORMAT = "dwarf-with-dsym";
				ENABLE_NS_ASSERTIONS = NO;
				ENABLE_STRICT_OBJC_MSGSEND = YES;
				GCC_C_LANGUAGE_STANDARD = gnu11;
				GCC_NO_COMMON_BLOCKS = YES;
				GCC_WARN_64_TO_32_BIT_CONVERSION = YES;
				GCC_WARN_ABOUT_RETURN_TYPE = YES_ERROR;
				GCC_WARN_UNDECLARED_SELECTOR = YES;
				GCC_WARN_UNINITIALIZED_AUTOS = YES_AGGRESSIVE;
				GCC_WARN_UNUSED_FUNCTION = YES;
				GCC_WARN_UNUSED_VARIABLE = YES;
				IPHONEOS_DEPLOYMENT_TARGET = 13.6;
				MTL_ENABLE_DEBUG_INFO = NO;
				MTL_FAST_MATH = YES;
				SDKROOT = iphoneos;
				SWIFT_COMPILATION_MODE = wholemodule;
				SWIFT_OPTIMIZATION_LEVEL = "-O";
				VALIDATE_PRODUCT = YES;
			};
			name = Release;
		};
		42709BE725955DC6000B876A /* Debug */ = {
			isa = XCBuildConfiguration;
			buildSettings = {
				ASSETCATALOG_COMPILER_APPICON_NAME = AppIcon;
				CODE_SIGN_STYLE = Automatic;
				DEVELOPMENT_TEAM = 2Z9V8285AH;
				INFOPLIST_FILE = FloatingView/Example/Info.plist;
				LD_RUNPATH_SEARCH_PATHS = (
					"$(inherited)",
					"@executable_path/Frameworks",
				);
				PRODUCT_BUNDLE_IDENTIFIER = com.jordancoff.FloatingView;
				PRODUCT_NAME = "$(TARGET_NAME)";
				SWIFT_VERSION = 5.0;
				TARGETED_DEVICE_FAMILY = "1,2";
			};
			name = Debug;
		};
		42709BE825955DC6000B876A /* Release */ = {
			isa = XCBuildConfiguration;
			buildSettings = {
				ASSETCATALOG_COMPILER_APPICON_NAME = AppIcon;
				CODE_SIGN_STYLE = Automatic;
				DEVELOPMENT_TEAM = 2Z9V8285AH;
				INFOPLIST_FILE = FloatingView/Example/Info.plist;
				LD_RUNPATH_SEARCH_PATHS = (
					"$(inherited)",
					"@executable_path/Frameworks",
				);
				PRODUCT_BUNDLE_IDENTIFIER = com.jordancoff.FloatingView;
				PRODUCT_NAME = "$(TARGET_NAME)";
				SWIFT_VERSION = 5.0;
				TARGETED_DEVICE_FAMILY = "1,2";
			};
			name = Release;
		};
/* End XCBuildConfiguration section */

/* Begin XCConfigurationList section */
		42709BCD25955DC2000B876A /* Build configuration list for PBXProject "FloatingView" */ = {
			isa = XCConfigurationList;
			buildConfigurations = (
				42709BE425955DC6000B876A /* Debug */,
				42709BE525955DC6000B876A /* Release */,
			);
			defaultConfigurationIsVisible = 0;
			defaultConfigurationName = Release;
		};
		42709BE625955DC6000B876A /* Build configuration list for PBXNativeTarget "FloatingView" */ = {
			isa = XCConfigurationList;
			buildConfigurations = (
				42709BE725955DC6000B876A /* Debug */,
				42709BE825955DC6000B876A /* Release */,
			);
			defaultConfigurationIsVisible = 0;
			defaultConfigurationName = Release;
		};
/* End XCConfigurationList section */
	};
	rootObject = 42709BCA25955DC2000B876A /* Project object */;
}
